<?xml version="1.0" encoding="utf-8"?>
<Project ToolsVersion="4.0" xmlns="http://schemas.microsoft.com/developer/msbuild/2003">
  <ItemGroup>
    <Filter Include="리소스 파일">
      <UniqueIdentifier>{67DA6AB6-F800-4c08-8B7A-83BB121AAD01}</UniqueIdentifier>
      <Extensions>rc;ico;cur;bmp;dlg;rc2;rct;bin;rgs;gif;jpg;jpeg;jpe;resx;tiff;tif;png;wav;mfcribbon-ms</Extensions>
    </Filter>
    <Filter Include="00.Main">
      <UniqueIdentifier>{d12a2602-7c76-467f-98a8-56837dae1a3e}</UniqueIdentifier>
    </Filter>
    <Filter Include="00.Main\01.Manager">
      <UniqueIdentifier>{e6d2d68c-e694-4c2f-9442-3c225aa664dc}</UniqueIdentifier>
    </Filter>
    <Filter Include="00.Main\02.Scene">
      <UniqueIdentifier>{156f6913-9dc0-4222-b8ff-d460d5ecd1aa}</UniqueIdentifier>
    </Filter>
    <Filter Include="00.Main\00.Main">
      <UniqueIdentifier>{5ebe5670-b26e-4884-acfa-347fb43716ca}</UniqueIdentifier>
    </Filter>
    <Filter Include="00.Main\99.Headers">
      <UniqueIdentifier>{a8cf8053-e5f8-4b5a-b76b-b6e16984926d}</UniqueIdentifier>
    </Filter>
    <Filter Include="00.Main\10.Utils">
      <UniqueIdentifier>{ea0eb241-9890-468b-80a3-380f7fe97dec}</UniqueIdentifier>
    </Filter>
    <Filter Include="00.Main\03.Network">
      <UniqueIdentifier>{5afd2f13-d839-42d7-aa63-45c0b2de6e1f}</UniqueIdentifier>
    </Filter>
    <Filter Include="00.Main\02.Scene\Manager">
      <UniqueIdentifier>{8c70681c-db33-47fd-8470-2097a7396465}</UniqueIdentifier>
    </Filter>
    <Filter Include="00.Main\04.Resource">
      <UniqueIdentifier>{c5d816e4-9b4c-4866-a5d6-62d2fffe4824}</UniqueIdentifier>
    </Filter>
    <Filter Include="00.Main\05.Input">
      <UniqueIdentifier>{8425b786-343e-441f-930e-cd5d20fc36ad}</UniqueIdentifier>
    </Filter>
    <Filter Include="00.Main\06.UI">
      <UniqueIdentifier>{78d68c33-d7eb-4b04-81e0-850c4119adb1}</UniqueIdentifier>
    </Filter>
  </ItemGroup>
  <ItemGroup>
    <ClInclude Include="framework.h">
      <Filter>00.Main\99.Headers</Filter>
    </ClInclude>
    <ClInclude Include="Resource.h">
      <Filter>00.Main\99.Headers</Filter>
    </ClInclude>
    <ClInclude Include="targetver.h">
      <Filter>00.Main\99.Headers</Filter>
    </ClInclude>
    <ClInclude Include="pch.h">
      <Filter>00.Main\10.Utils</Filter>
    </ClInclude>
    <ClInclude Include="TimeManager.h">
      <Filter>00.Main\01.Manager</Filter>
    </ClInclude>
    <ClInclude Include="Scene.h">
      <Filter>00.Main\02.Scene</Filter>
    </ClInclude>
    <ClInclude Include="GameScene.h">
      <Filter>00.Main\02.Scene</Filter>
    </ClInclude>
    <ClInclude Include="LobbyScene.h">
      <Filter>00.Main\02.Scene</Filter>
    </ClInclude>
    <ClInclude Include="Game.h">
      <Filter>00.Main\00.Main</Filter>
    </ClInclude>
    <ClInclude Include="Mafia42.h">
      <Filter>00.Main\00.Main</Filter>
    </ClInclude>
    <ClInclude Include="ClientIocpManager.h">
      <Filter>00.Main\03.Network</Filter>
    </ClInclude>
    <ClInclude Include="SceneManager.h">
      <Filter>00.Main\02.Scene\Manager</Filter>
    </ClInclude>
    <ClInclude Include="InputManager.h">
      <Filter>00.Main\05.Input</Filter>
    </ClInclude>
    <ClInclude Include="ResourceManager.h">
      <Filter>00.Main\04.Resource</Filter>
    </ClInclude>
    <ClInclude Include="Sprite.h">
      <Filter>00.Main\04.Resource</Filter>
    </ClInclude>
    <ClInclude Include="Texture.h">
      <Filter>00.Main\04.Resource</Filter>
    </ClInclude>
    <ClInclude Include="UI.h">
      <Filter>00.Main\06.UI</Filter>
    </ClInclude>
    <ClInclude Include="TitleScene.h">
      <Filter>00.Main\02.Scene</Filter>
    </ClInclude>
    <ClInclude Include="Button.h">
      <Filter>00.Main\06.UI</Filter>
    </ClInclude>
    <ClInclude Include="BackGround.h">
      <Filter>00.Main\06.UI</Filter>
    </ClInclude>
    <ClInclude Include="StartButton.h">
      <Filter>00.Main\06.UI</Filter>
    </ClInclude>
    <ClInclude Include="MessageManager.h">
      <Filter>00.Main\01.Manager</Filter>
    </ClInclude>
  </ItemGroup>
  <ItemGroup>
    <ClCompile Include="pch.cpp">
      <Filter>00.Main\10.Utils</Filter>
    </ClCompile>
    <ClCompile Include="TimeManager.cpp">
      <Filter>00.Main\01.Manager</Filter>
    </ClCompile>
    <ClCompile Include="Scene.cpp">
      <Filter>00.Main\02.Scene</Filter>
    </ClCompile>
    <ClCompile Include="GameScene.cpp">
      <Filter>00.Main\02.Scene</Filter>
    </ClCompile>
    <ClCompile Include="LobbyScene.cpp">
      <Filter>00.Main\02.Scene</Filter>
    </ClCompile>
    <ClCompile Include="Game.cpp">
      <Filter>00.Main\00.Main</Filter>
    </ClCompile>
    <ClCompile Include="Mafia42.cpp">
      <Filter>00.Main\00.Main</Filter>
    </ClCompile>
    <ClCompile Include="ClientIocpManager.cpp">
      <Filter>00.Main\03.Network</Filter>
    </ClCompile>
    <ClCompile Include="SceneManager.cpp">
      <Filter>00.Main\02.Scene\Manager</Filter>
    </ClCompile>
    <ClCompile Include="InputManager.cpp">
      <Filter>00.Main\05.Input</Filter>
    </ClCompile>
    <ClCompile Include="ResourceManager.cpp">
      <Filter>00.Main\04.Resource</Filter>
    </ClCompile>
    <ClCompile Include="Sprite.cpp">
      <Filter>00.Main\04.Resource</Filter>
    </ClCompile>
    <ClCompile Include="Texture.cpp">
      <Filter>00.Main\04.Resource</Filter>
    </ClCompile>
    <ClCompile Include="UI.cpp">
      <Filter>00.Main\06.UI</Filter>
    </ClCompile>
    <ClCompile Include="TitleScene.cpp">
      <Filter>00.Main\02.Scene</Filter>
    </ClCompile>
    <ClCompile Include="Button.cpp">
      <Filter>00.Main\06.UI</Filter>
    </ClCompile>
    <ClCompile Include="BackGround.cpp">
      <Filter>00.Main\06.UI</Filter>
    </ClCompile>
    <ClCompile Include="StartButton.cpp">
      <Filter>00.Main\06.UI</Filter>
    </ClCompile>
    <ClCompile Include="MessageManager.cpp">
      <Filter>00.Main\01.Manager</Filter>
    </ClCompile>
  </ItemGroup>
  <ItemGroup>
    <ResourceCompile Include="Mafia42.rc">
      <Filter>리소스 파일</Filter>
    </ResourceCompile>
  </ItemGroup>
  <ItemGroup>
    <Image Include="small.ico">
      <Filter>리소스 파일</Filter>
    </Image>
    <Image Include="Mafia42.ico">
      <Filter>리소스 파일</Filter>
    </Image>
  </ItemGroup>
</Project>