<?xml version="1.0" encoding="utf-8"?>
<Project ToolsVersion="4.0" xmlns="http://schemas.microsoft.com/developer/msbuild/2003">
  <ItemGroup>
    <Filter Include="ServerCore">
      <UniqueIdentifier>{a8e649a9-1787-4bce-b995-7c4f5f9449a3}</UniqueIdentifier>
    </Filter>
    <Filter Include="ServerCore\Iocp">
      <UniqueIdentifier>{7ec0251c-2e12-4438-843c-c7b36bde8021}</UniqueIdentifier>
    </Filter>
    <Filter Include="ServerCore\Session">
      <UniqueIdentifier>{d4761773-19cf-40dc-9ed2-21ed1a04c5f2}</UniqueIdentifier>
    </Filter>
    <Filter Include="ServerCore\Thread">
      <UniqueIdentifier>{8794d127-4678-43d7-9bd9-869491abcada}</UniqueIdentifier>
    </Filter>
    <Filter Include="ServerCore\Utils">
      <UniqueIdentifier>{4369c8a6-c8a0-4df0-9bd3-6ff7637041c4}</UniqueIdentifier>
    </Filter>
    <Filter Include="ServerCore\Game">
      <UniqueIdentifier>{74b6c67b-c4b7-4118-b525-5221c7ea8f80}</UniqueIdentifier>
    </Filter>
  </ItemGroup>
  <ItemGroup>
    <ClInclude Include="ThreadManager.h">
      <Filter>ServerCore\Thread</Filter>
    </ClInclude>
    <ClInclude Include="IocpManager.h">
      <Filter>ServerCore\Iocp</Filter>
    </ClInclude>
    <ClInclude Include="NetworkSession.h">
      <Filter>ServerCore\Session</Filter>
    </ClInclude>
    <ClInclude Include="PacketSession.h">
      <Filter>ServerCore\Session</Filter>
    </ClInclude>
    <ClInclude Include="PacketTypes.h">
      <Filter>ServerCore\Session</Filter>
    </ClInclude>
    <ClInclude Include="GameManager.h">
      <Filter>ServerCore\Game</Filter>
    </ClInclude>
    <ClInclude Include="CoreGlobal.h">
      <Filter>ServerCore\Utils</Filter>
    </ClInclude>
    <ClInclude Include="CorePch.h">
      <Filter>ServerCore\Utils</Filter>
    </ClInclude>
    <ClInclude Include="Defines.h">
      <Filter>ServerCore\Utils</Filter>
    </ClInclude>
    <ClInclude Include="Enums.h">
      <Filter>ServerCore\Utils</Filter>
    </ClInclude>
    <ClInclude Include="pch.h">
      <Filter>ServerCore\Utils</Filter>
    </ClInclude>
    <ClInclude Include="Types.h">
      <Filter>ServerCore\Utils</Filter>
    </ClInclude>
  </ItemGroup>
  <ItemGroup>
    <ClCompile Include="ThreadManager.cpp">
      <Filter>ServerCore\Thread</Filter>
    </ClCompile>
    <ClCompile Include="IocpManager.cpp">
      <Filter>ServerCore\Iocp</Filter>
    </ClCompile>
    <ClCompile Include="NetworkSession.cpp">
      <Filter>ServerCore\Session</Filter>
    </ClCompile>
    <ClCompile Include="PacketSession.cpp">
      <Filter>ServerCore\Session</Filter>
    </ClCompile>
    <ClCompile Include="GameManager.cpp">
      <Filter>ServerCore\Game</Filter>
    </ClCompile>
    <ClCompile Include="CoreGlobal.cpp">
      <Filter>ServerCore\Utils</Filter>
    </ClCompile>
    <ClCompile Include="CorePch.cpp">
      <Filter>ServerCore\Utils</Filter>
    </ClCompile>
    <ClCompile Include="pch.cpp">
      <Filter>ServerCore\Utils</Filter>
    </ClCompile>
  </ItemGroup>
</Project>