<?xml version="1.0" encoding="utf-8"?>
<Project ToolsVersion="4.0" xmlns="http://schemas.microsoft.com/developer/msbuild/2003">
  <ItemGroup>
    <Filter Include="Iocp">
      <UniqueIdentifier>{7ec0251c-2e12-4438-843c-c7b36bde8021}</UniqueIdentifier>
    </Filter>
    <Filter Include="Session">
      <UniqueIdentifier>{d4761773-19cf-40dc-9ed2-21ed1a04c5f2}</UniqueIdentifier>
    </Filter>
    <Filter Include="Utils">
      <UniqueIdentifier>{4369c8a6-c8a0-4df0-9bd3-6ff7637041c4}</UniqueIdentifier>
    </Filter>
    <Filter Include="Thread">
      <UniqueIdentifier>{8794d127-4678-43d7-9bd9-869491abcada}</UniqueIdentifier>
    </Filter>
  </ItemGroup>
  <ItemGroup>
    <ClInclude Include="CoreGlobal.h">
      <Filter>Utils</Filter>
    </ClInclude>
    <ClInclude Include="pch.h">
      <Filter>Utils</Filter>
    </ClInclude>
    <ClInclude Include="ThreadManager.h">
      <Filter>Thread</Filter>
    </ClInclude>
    <ClInclude Include="Types.h">
      <Filter>Utils</Filter>
    </ClInclude>
    <ClInclude Include="CorePch.h">
      <Filter>Utils</Filter>
    </ClInclude>
    <ClInclude Include="IocpManager.h">
      <Filter>Iocp</Filter>
    </ClInclude>
    <ClInclude Include="NetworkSession.h">
      <Filter>Session</Filter>
    </ClInclude>
    <ClInclude Include="PacketSession.h">
      <Filter>Session</Filter>
    </ClInclude>
    <ClInclude Include="PacketTypes.h">
      <Filter>Session</Filter>
    </ClInclude>
  </ItemGroup>
  <ItemGroup>
    <ClCompile Include="CoreGlobal.cpp">
      <Filter>Utils</Filter>
    </ClCompile>
    <ClCompile Include="pch.cpp">
      <Filter>Utils</Filter>
    </ClCompile>
    <ClCompile Include="ThreadManager.cpp">
      <Filter>Thread</Filter>
    </ClCompile>
    <ClCompile Include="CorePch.cpp">
      <Filter>Utils</Filter>
    </ClCompile>
    <ClCompile Include="IocpManager.cpp">
      <Filter>Iocp</Filter>
    </ClCompile>
    <ClCompile Include="NetworkSession.cpp">
      <Filter>Session</Filter>
    </ClCompile>
    <ClCompile Include="PacketSession.cpp">
      <Filter>Session</Filter>
    </ClCompile>
  </ItemGroup>
</Project>